
Microsoft Visual Studio Solution File, Format Version 12.00
# Visual Studio Version 17
VisualStudioVersion = 17.14.36109.1 d17.14
MinimumVisualStudioVersion = 10.0.40219.1
Project("{FAE04EC0-301F-11D3-BF4B-00C04F79EFBC}") = "PaxStacks", "PaxStacks.csproj", "{24E2DA7C-1B37-4A92-B3D8-44661371FCCE}"
EndProject
Global
	GlobalSection(SolutionConfigurationPlatforms) = preSolution
		Debug|Any CPU = Debug|Any CPU
		Release|Any CPU = Release|Any CPU
	EndGlobalSection
	GlobalSection(ProjectConfigurationPlatforms) = postSolution
		{24E2DA7C-1B37-4A92-B3D8-44661371FCCE}.Debug|Any CPU.ActiveCfg = Debug|Any CPU
		{24E2DA7C-1B37-4A92-B3D8-44661371FCCE}.Debug|Any CPU.Build.0 = Debug|Any CPU
		{24E2DA7C-1B37-4A92-B3D8-44661371FCCE}.Release|Any CPU.ActiveCfg = Release|Any CPU
		{24E2DA7C-1B37-4A92-B3D8-44661371FCCE}.Release|Any CPU.Build.0 = Release|Any CPU
	EndGlobalSection
	GlobalSection(SolutionProperties) = preSolution
		HideSolutionNode = FALSE
	EndGlobalSection
	GlobalSection(ExtensibilityGlobals) = postSolution
		SolutionGuid = {9C95358C-6558-449A-BC6B-64E06F187D52}
	EndGlobalSection
EndGlobal
